
Microsoft Visual Studio Solution File, Format Version 12.00
# Visual Studio Version 17
VisualStudioVersion = 17.4.33403.182
MinimumVisualStudioVersion = 10.0.40219.1
Project("{FAE04EC0-301F-11D3-BF4B-00C04F79EFBC}") = "BlogsiteMobile.Android", "BlogsiteMobile\BlogsiteMobile.Android\BlogsiteMobile.Android.csproj", "{427711EC-9743-4956-95E2-847CE7C4DF5E}"
EndProject
Project("{FAE04EC0-301F-11D3-BF4B-00C04F79EFBC}") = "BlogsiteMobile.iOS", "BlogsiteMobile\BlogsiteMobile.iOS\BlogsiteMobile.iOS.csproj", "{7B7F0969-8572-4636-8192-86B599E6F67A}"
EndProject
Project("{FAE04EC0-301F-11D3-BF4B-00C04F79EFBC}") = "BlogsiteMobile", "BlogsiteMobile\BlogsiteMobile\BlogsiteMobile.csproj", "{218E3227-8BAA-4E06-8780-DD1D6939FD42}"
EndProject
Global
	GlobalSection(SolutionConfigurationPlatforms) = preSolution
		Debug|Any CPU = Debug|Any CPU
		Debug|iPhone = Debug|iPhone
		Debug|iPhoneSimulator = Debug|iPhoneSimulator
		Release|Any CPU = Release|Any CPU
		Release|iPhone = Release|iPhone
		Release|iPhoneSimulator = Release|iPhoneSimulator
	EndGlobalSection
	GlobalSection(ProjectConfigurationPlatforms) = postSolution
		{427711EC-9743-4956-95E2-847CE7C4DF5E}.Debug|Any CPU.ActiveCfg = Debug|Any CPU
		{427711EC-9743-4956-95E2-847CE7C4DF5E}.Debug|Any CPU.Build.0 = Debug|Any CPU
		{427711EC-9743-4956-95E2-847CE7C4DF5E}.Debug|Any CPU.Deploy.0 = Debug|Any CPU
		{427711EC-9743-4956-95E2-847CE7C4DF5E}.Debug|iPhone.ActiveCfg = Debug|Any CPU
		{427711EC-9743-4956-95E2-847CE7C4DF5E}.Debug|iPhone.Build.0 = Debug|Any CPU
		{427711EC-9743-4956-95E2-847CE7C4DF5E}.Debug|iPhone.Deploy.0 = Debug|Any CPU
		{427711EC-9743-4956-95E2-847CE7C4DF5E}.Debug|iPhoneSimulator.ActiveCfg = Debug|Any CPU
		{427711EC-9743-4956-95E2-847CE7C4DF5E}.Debug|iPhoneSimulator.Build.0 = Debug|Any CPU
		{427711EC-9743-4956-95E2-847CE7C4DF5E}.Debug|iPhoneSimulator.Deploy.0 = Debug|Any CPU
		{427711EC-9743-4956-95E2-847CE7C4DF5E}.Release|Any CPU.ActiveCfg = Release|Any CPU
		{427711EC-9743-4956-95E2-847CE7C4DF5E}.Release|Any CPU.Build.0 = Release|Any CPU
		{427711EC-9743-4956-95E2-847CE7C4DF5E}.Release|Any CPU.Deploy.0 = Release|Any CPU
		{427711EC-9743-4956-95E2-847CE7C4DF5E}.Release|iPhone.ActiveCfg = Release|Any CPU
		{427711EC-9743-4956-95E2-847CE7C4DF5E}.Release|iPhone.Build.0 = Release|Any CPU
		{427711EC-9743-4956-95E2-847CE7C4DF5E}.Release|iPhone.Deploy.0 = Release|Any CPU
		{427711EC-9743-4956-95E2-847CE7C4DF5E}.Release|iPhoneSimulator.ActiveCfg = Release|Any CPU
		{427711EC-9743-4956-95E2-847CE7C4DF5E}.Release|iPhoneSimulator.Build.0 = Release|Any CPU
		{427711EC-9743-4956-95E2-847CE7C4DF5E}.Release|iPhoneSimulator.Deploy.0 = Release|Any CPU
		{7B7F0969-8572-4636-8192-86B599E6F67A}.Debug|Any CPU.ActiveCfg = Debug|iPhone
		{7B7F0969-8572-4636-8192-86B599E6F67A}.Debug|Any CPU.Build.0 = Debug|iPhone
		{7B7F0969-8572-4636-8192-86B599E6F67A}.Debug|Any CPU.Deploy.0 = Debug|iPhone
		{7B7F0969-8572-4636-8192-86B599E6F67A}.Debug|iPhone.ActiveCfg = Debug|iPhone
		{7B7F0969-8572-4636-8192-86B599E6F67A}.Debug|iPhone.Build.0 = Debug|iPhone
		{7B7F0969-8572-4636-8192-86B599E6F67A}.Debug|iPhone.Deploy.0 = Debug|iPhone
		{7B7F0969-8572-4636-8192-86B599E6F67A}.Debug|iPhoneSimulator.ActiveCfg = Debug|iPhoneSimulator
		{7B7F0969-8572-4636-8192-86B599E6F67A}.Debug|iPhoneSimulator.Build.0 = Debug|iPhoneSimulator
		{7B7F0969-8572-4636-8192-86B599E6F67A}.Debug|iPhoneSimulator.Deploy.0 = Debug|iPhoneSimulator
		{7B7F0969-8572-4636-8192-86B599E6F67A}.Release|Any CPU.ActiveCfg = Release|iPhoneSimulator
		{7B7F0969-8572-4636-8192-86B599E6F67A}.Release|Any CPU.Build.0 = Release|iPhoneSimulator
		{7B7F0969-8572-4636-8192-86B599E6F67A}.Release|Any CPU.Deploy.0 = Release|iPhoneSimulator
		{7B7F0969-8572-4636-8192-86B599E6F67A}.Release|iPhone.ActiveCfg = Release|iPhone
		{7B7F0969-8572-4636-8192-86B599E6F67A}.Release|iPhone.Build.0 = Release|iPhone
		{7B7F0969-8572-4636-8192-86B599E6F67A}.Release|iPhone.Deploy.0 = Release|iPhone
		{7B7F0969-8572-4636-8192-86B599E6F67A}.Release|iPhoneSimulator.ActiveCfg = Release|iPhoneSimulator
		{7B7F0969-8572-4636-8192-86B599E6F67A}.Release|iPhoneSimulator.Build.0 = Release|iPhoneSimulator
		{7B7F0969-8572-4636-8192-86B599E6F67A}.Release|iPhoneSimulator.Deploy.0 = Release|iPhoneSimulator
		{218E3227-8BAA-4E06-8780-DD1D6939FD42}.Debug|Any CPU.ActiveCfg = Debug|Any CPU
		{218E3227-8BAA-4E06-8780-DD1D6939FD42}.Debug|Any CPU.Build.0 = Debug|Any CPU
		{218E3227-8BAA-4E06-8780-DD1D6939FD42}.Debug|Any CPU.Deploy.0 = Debug|Any CPU
		{218E3227-8BAA-4E06-8780-DD1D6939FD42}.Debug|iPhone.ActiveCfg = Debug|Any CPU
		{218E3227-8BAA-4E06-8780-DD1D6939FD42}.Debug|iPhone.Build.0 = Debug|Any CPU
		{218E3227-8BAA-4E06-8780-DD1D6939FD42}.Debug|iPhone.Deploy.0 = Debug|Any CPU
		{218E3227-8BAA-4E06-8780-DD1D6939FD42}.Debug|iPhoneSimulator.ActiveCfg = Debug|Any CPU
		{218E3227-8BAA-4E06-8780-DD1D6939FD42}.Debug|iPhoneSimulator.Build.0 = Debug|Any CPU
		{218E3227-8BAA-4E06-8780-DD1D6939FD42}.Debug|iPhoneSimulator.Deploy.0 = Debug|Any CPU
		{218E3227-8BAA-4E06-8780-DD1D6939FD42}.Release|Any CPU.ActiveCfg = Release|Any CPU
		{218E3227-8BAA-4E06-8780-DD1D6939FD42}.Release|Any CPU.Build.0 = Release|Any CPU
		{218E3227-8BAA-4E06-8780-DD1D6939FD42}.Release|Any CPU.Deploy.0 = Release|Any CPU
		{218E3227-8BAA-4E06-8780-DD1D6939FD42}.Release|iPhone.ActiveCfg = Release|Any CPU
		{218E3227-8BAA-4E06-8780-DD1D6939FD42}.Release|iPhone.Build.0 = Release|Any CPU
		{218E3227-8BAA-4E06-8780-DD1D6939FD42}.Release|iPhone.Deploy.0 = Release|Any CPU
		{218E3227-8BAA-4E06-8780-DD1D6939FD42}.Release|iPhoneSimulator.ActiveCfg = Release|Any CPU
		{218E3227-8BAA-4E06-8780-DD1D6939FD42}.Release|iPhoneSimulator.Build.0 = Release|Any CPU
		{218E3227-8BAA-4E06-8780-DD1D6939FD42}.Release|iPhoneSimulator.Deploy.0 = Release|Any CPU
	EndGlobalSection
	GlobalSection(SolutionProperties) = preSolution
		HideSolutionNode = FALSE
	EndGlobalSection
	GlobalSection(ExtensibilityGlobals) = postSolution
		SolutionGuid = {74156F15-B049-471C-AC50-C73AE5653598}
	EndGlobalSection
EndGlobal
